
Microsoft Visual Studio Solution File, Format Version 12.00
# Visual Studio Version 17
VisualStudioVersion = 17.0.32112.339
MinimumVisualStudioVersion = 10.0.40219.1
Project("{FAE04EC0-301F-11D3-BF4B-00C04F79EFBC}") = "Cash regester", "Cash regester\Cash regester.csproj", "{70BB00AA-EAB7-4AF4-B388-A31EAAB2E71E}"
EndProject
Global
	GlobalSection(SolutionConfigurationPlatforms) = preSolution
		Debug|Any CPU = Debug|Any CPU
		Release|Any CPU = Release|Any CPU
	EndGlobalSection
	GlobalSection(ProjectConfigurationPlatforms) = postSolution
		{70BB00AA-EAB7-4AF4-B388-A31EAAB2E71E}.Debug|Any CPU.ActiveCfg = Debug|Any CPU
		{70BB00AA-EAB7-4AF4-B388-A31EAAB2E71E}.Debug|Any CPU.Build.0 = Debug|Any CPU
		{70BB00AA-EAB7-4AF4-B388-A31EAAB2E71E}.Release|Any CPU.ActiveCfg = Release|Any CPU
		{70BB00AA-EAB7-4AF4-B388-A31EAAB2E71E}.Release|Any CPU.Build.0 = Release|Any CPU
	EndGlobalSection
	GlobalSection(SolutionProperties) = preSolution
		HideSolutionNode = FALSE
	EndGlobalSection
	GlobalSection(ExtensibilityGlobals) = postSolution
		SolutionGuid = {FC542708-B3EB-4580-81BF-3D6000C88010}
	EndGlobalSection
EndGlobal
